// !$*UTF8*$!
{
	archiveVersion = 1;
	classes = {
	};
	objectVersion = 56;
	objects = {

/* Begin PBXBuildFile section */
		0A20A3D72C243A780028E5C2 /* BudgetListItem.swift in Sources */ = {isa = PBXBuildFile; fileRef = 0A20A3D62C243A780028E5C2 /* BudgetListItem.swift */; };
		0A20A3D92C243AB20028E5C2 /* BudgetProgressInfo.swift in Sources */ = {isa = PBXBuildFile; fileRef = 0A20A3D82C243AB20028E5C2 /* BudgetProgressInfo.swift */; };
		0A20A3DC2C243CAA0028E5C2 /* DateExtensions.swift in Sources */ = {isa = PBXBuildFile; fileRef = 0A20A3DB2C243CAA0028E5C2 /* DateExtensions.swift */; };
		0A20A3E62C2471290028E5C2 /* ExpenseListItem.swift in Sources */ = {isa = PBXBuildFile; fileRef = 0A20A3E52C2471290028E5C2 /* ExpenseListItem.swift */; };
		0A20B1232C29731D00A26FBD /* ViewExpenses.swift in Sources */ = {isa = PBXBuildFile; fileRef = 0A20B1222C29731D00A26FBD /* ViewExpenses.swift */; };
		0A20B1252C2993CE00A26FBD /* Settings.bundle in Resources */ = {isa = PBXBuildFile; fileRef = 0A20B1242C2993CE00A26FBD /* Settings.bundle */; };
		0A2F5EE92C4EADA5008BB369 /* AppVersionTests.swift in Sources */ = {isa = PBXBuildFile; fileRef = 0A2F5EE82C4EADA5008BB369 /* AppVersionTests.swift */; };
		0A2F5EEB2C4EB34F008BB369 /* DoubleExtensionsTests.swift in Sources */ = {isa = PBXBuildFile; fileRef = 0A2F5EEA2C4EB34F008BB369 /* DoubleExtensionsTests.swift */; };
		0A2F5EED2C4EB86B008BB369 /* AppVersion.swift in Sources */ = {isa = PBXBuildFile; fileRef = 0A2F5EEC2C4EB86B008BB369 /* AppVersion.swift */; };
		0A2F5EEF2C4EE202008BB369 /* AppInfo.swift in Sources */ = {isa = PBXBuildFile; fileRef = 0A2F5EEE2C4EE202008BB369 /* AppInfo.swift */; };
		0A2F5EF42C4F9A00008BB369 /* BudgetEntry.swift in Sources */ = {isa = PBXBuildFile; fileRef = 0AE90CBF2C4170D300AE921C /* BudgetEntry.swift */; };
		0A2F5EF62C4FA19F008BB369 /* AvailableTodayWidgetView.swift in Sources */ = {isa = PBXBuildFile; fileRef = 0A2F5EF52C4FA19F008BB369 /* AvailableTodayWidgetView.swift */; };
		0A2F5EF72C4FA1F5008BB369 /* AvailableTodayWidgetView.swift in Sources */ = {isa = PBXBuildFile; fileRef = 0A2F5EF52C4FA19F008BB369 /* AvailableTodayWidgetView.swift */; };
		0A2F5EF92C4FA20A008BB369 /* AvailableAndSpentTodayWidgetView.swift in Sources */ = {isa = PBXBuildFile; fileRef = 0A2F5EF82C4FA20A008BB369 /* AvailableAndSpentTodayWidgetView.swift */; };
		0A2F5EFA2C4FA21B008BB369 /* AvailableAndSpentTodayWidgetView.swift in Sources */ = {isa = PBXBuildFile; fileRef = 0A2F5EF82C4FA20A008BB369 /* AvailableAndSpentTodayWidgetView.swift */; };
		0A2F5EFC2C4FB5C1008BB369 /* WhatsNewDisplayControllerTests.swift in Sources */ = {isa = PBXBuildFile; fileRef = 0A2F5EFB2C4FB5C1008BB369 /* WhatsNewDisplayControllerTests.swift */; };
		0A3381382C32FF3B00FC378F /* BudgetSummaryViewModel.swift in Sources */ = {isa = PBXBuildFile; fileRef = 0A3381372C32FF3B00FC378F /* BudgetSummaryViewModel.swift */; };
		0A3CABB02C300DD300ECD1F1 /* ColorExtensions.swift in Sources */ = {isa = PBXBuildFile; fileRef = 0A3CABAF2C300DD300ECD1F1 /* ColorExtensions.swift */; };
		0A3CABB22C31700900ECD1F1 /* UnitProvidingTests.swift in Sources */ = {isa = PBXBuildFile; fileRef = 0A3CABB12C31700900ECD1F1 /* UnitProvidingTests.swift */; };
		0A3CABB42C31BE7400ECD1F1 /* ViewBudget.swift in Sources */ = {isa = PBXBuildFile; fileRef = 0A3CABB32C31BE7400ECD1F1 /* ViewBudget.swift */; };
		0A5946DF2C4555F000724E32 /* WhatsNew.swift in Sources */ = {isa = PBXBuildFile; fileRef = 0A5946DE2C4555F000724E32 /* WhatsNew.swift */; };
		0A70641A2C4A58F100D95DE7 /* WhatsNewTests.swift in Sources */ = {isa = PBXBuildFile; fileRef = 0A7064192C4A58F100D95DE7 /* WhatsNewTests.swift */; };
		0A70641D2C4A655B00D95DE7 /* WhatsNewProvider.swift in Sources */ = {isa = PBXBuildFile; fileRef = 0A70641C2C4A655B00D95DE7 /* WhatsNewProvider.swift */; };
		0A70641F2C4A659F00D95DE7 /* SharedUserDefaults.swift in Sources */ = {isa = PBXBuildFile; fileRef = 0A70641E2C4A659F00D95DE7 /* SharedUserDefaults.swift */; };
		0A7B10962C24356D00474F10 /* DailyBudgetApp.swift in Sources */ = {isa = PBXBuildFile; fileRef = 0A7B10952C24356D00474F10 /* DailyBudgetApp.swift */; };
		0A7B109A2C24356F00474F10 /* Assets.xcassets in Resources */ = {isa = PBXBuildFile; fileRef = 0A7B10992C24356F00474F10 /* Assets.xcassets */; };
		0A7B109D2C24356F00474F10 /* Preview Assets.xcassets in Resources */ = {isa = PBXBuildFile; fileRef = 0A7B109C2C24356F00474F10 /* Preview Assets.xcassets */; };
		0A7B10C62C24390600474F10 /* Home.swift in Sources */ = {isa = PBXBuildFile; fileRef = 0A7B10C52C24390600474F10 /* Home.swift */; };
		0A7EFA952C3DA10600641E34 /* DoubleExtensions.swift in Sources */ = {isa = PBXBuildFile; fileRef = 0A7EFA942C3DA10600641E34 /* DoubleExtensions.swift */; };
		0A9AE4EC2C4155F00093FAAE /* BudgetModel.swift in Sources */ = {isa = PBXBuildFile; fileRef = 0AFEFB622C258CBC004847AE /* BudgetModel.swift */; };
		0A9AE4ED2C4155FC0093FAAE /* ExpenseModel.swift in Sources */ = {isa = PBXBuildFile; fileRef = 0AFEFB642C258D3E004847AE /* ExpenseModel.swift */; };
		0A9AE4EE2C41560C0093FAAE /* CalendarDate.swift in Sources */ = {isa = PBXBuildFile; fileRef = 0AFEFB6D2C26A424004847AE /* CalendarDate.swift */; };
		0A9AE4EF2C4156130093FAAE /* BudgetProgressInfo.swift in Sources */ = {isa = PBXBuildFile; fileRef = 0A20A3D82C243AB20028E5C2 /* BudgetProgressInfo.swift */; };
		0A9AE4F02C4156360093FAAE /* DateExtensions.swift in Sources */ = {isa = PBXBuildFile; fileRef = 0A20A3DB2C243CAA0028E5C2 /* DateExtensions.swift */; };
		0A9AE4F12C4156420093FAAE /* UnitProviding.swift in Sources */ = {isa = PBXBuildFile; fileRef = 0AFEFB692C25A5EE004847AE /* UnitProviding.swift */; };
		0AB5FF0B2C247C2400499D30 /* EditExpense.swift in Sources */ = {isa = PBXBuildFile; fileRef = 0AB5FF0A2C247C2400499D30 /* EditExpense.swift */; };
		0AD723952C33E8220015ABE6 /* UIFontExtensions.swift in Sources */ = {isa = PBXBuildFile; fileRef = 0AD723942C33E8220015ABE6 /* UIFontExtensions.swift */; };
		0AD723BA2C3463630015ABE6 /* WidgetKit.framework in Frameworks */ = {isa = PBXBuildFile; fileRef = 0AD723B92C3463630015ABE6 /* WidgetKit.framework */; };
		0AD723BC2C3463630015ABE6 /* SwiftUI.framework in Frameworks */ = {isa = PBXBuildFile; fileRef = 0AD723BB2C3463630015ABE6 /* SwiftUI.framework */; };
		0AD723BF2C3463630015ABE6 /* DailyBudgetWidgetBundle.swift in Sources */ = {isa = PBXBuildFile; fileRef = 0AD723BE2C3463630015ABE6 /* DailyBudgetWidgetBundle.swift */; };
		0AD723C12C3463630015ABE6 /* AvailableTodayWidget.swift in Sources */ = {isa = PBXBuildFile; fileRef = 0AD723C02C3463630015ABE6 /* AvailableTodayWidget.swift */; };
		0AD723C32C3463650015ABE6 /* Assets.xcassets in Resources */ = {isa = PBXBuildFile; fileRef = 0AD723C22C3463650015ABE6 /* Assets.xcassets */; };
		0AD723C72C3463650015ABE6 /* DailyBudgetWidgetExtension.appex in Embed Foundation Extensions */ = {isa = PBXBuildFile; fileRef = 0AD723B72C3463630015ABE6 /* DailyBudgetWidgetExtension.appex */; settings = {ATTRIBUTES = (RemoveHeadersOnCopy, ); }; };
		0AE90CC32C41712700AE921C /* BudgetEntity.swift in Sources */ = {isa = PBXBuildFile; fileRef = 0AE90CB92C416F0500AE921C /* BudgetEntity.swift */; };
		0AE90CC42C41713500AE921C /* BudgetEntityQuery.swift in Sources */ = {isa = PBXBuildFile; fileRef = 0AE90CBB2C416FA700AE921C /* BudgetEntityQuery.swift */; };
		0AE90CC52C41714000AE921C /* SelectBudgetIntent.swift in Sources */ = {isa = PBXBuildFile; fileRef = 0AE90CBD2C41709C00AE921C /* SelectBudgetIntent.swift */; };
		0AE90CC62C41714400AE921C /* BudgetEntry.swift in Sources */ = {isa = PBXBuildFile; fileRef = 0AE90CBF2C4170D300AE921C /* BudgetEntry.swift */; };
		0AE90CC72C41714700AE921C /* DailyBudgetWidgetTimelineProvider.swift in Sources */ = {isa = PBXBuildFile; fileRef = 0AE90CC12C41710100AE921C /* DailyBudgetWidgetTimelineProvider.swift */; };
		0AE90CC92C41924C00AE921C /* DoubleExtensions.swift in Sources */ = {isa = PBXBuildFile; fileRef = 0A7EFA942C3DA10600641E34 /* DoubleExtensions.swift */; };
		0AE90CCA2C4192F900AE921C /* AmountText.swift in Sources */ = {isa = PBXBuildFile; fileRef = 0AFFEEE82C32A586000D810F /* AmountText.swift */; };
		0AE90CCC2C42B2C200AE921C /* AvailableAndSpentTodayWidget.swift in Sources */ = {isa = PBXBuildFile; fileRef = 0AE90CCB2C42B2C200AE921C /* AvailableAndSpentTodayWidget.swift */; };
		0AE90CCD2C42B3B500AE921C /* BudgetSummaryViewModel.swift in Sources */ = {isa = PBXBuildFile; fileRef = 0A3381372C32FF3B00FC378F /* BudgetSummaryViewModel.swift */; };
		0AE90CCE2C42B3C400AE921C /* ColorExtensions.swift in Sources */ = {isa = PBXBuildFile; fileRef = 0A3CABAF2C300DD300ECD1F1 /* ColorExtensions.swift */; };
		0AED67AF2C2944F700E5E941 /* CurrentDate.swift in Sources */ = {isa = PBXBuildFile; fileRef = 0AED67AE2C2944F700E5E941 /* CurrentDate.swift */; };
		0AFD72322C26AFF200FF89D7 /* BudgetModelTests.swift in Sources */ = {isa = PBXBuildFile; fileRef = 0AFD72312C26AFF200FF89D7 /* BudgetModelTests.swift */; };
		0AFD72342C26B9A600FF89D7 /* BudgetProgressInfoTests.swift in Sources */ = {isa = PBXBuildFile; fileRef = 0AFD72332C26B9A600FF89D7 /* BudgetProgressInfoTests.swift */; };
		0AFEFB612C258570004847AE /* EditBudget.swift in Sources */ = {isa = PBXBuildFile; fileRef = 0AFEFB602C258570004847AE /* EditBudget.swift */; };
		0AFEFB632C258CBC004847AE /* BudgetModel.swift in Sources */ = {isa = PBXBuildFile; fileRef = 0AFEFB622C258CBC004847AE /* BudgetModel.swift */; };
		0AFEFB652C258D3E004847AE /* ExpenseModel.swift in Sources */ = {isa = PBXBuildFile; fileRef = 0AFEFB642C258D3E004847AE /* ExpenseModel.swift */; };
		0AFEFB682C259C46004847AE /* OptionalExtensions.swift in Sources */ = {isa = PBXBuildFile; fileRef = 0AFEFB672C259C46004847AE /* OptionalExtensions.swift */; };
		0AFEFB6A2C25A5EE004847AE /* UnitProviding.swift in Sources */ = {isa = PBXBuildFile; fileRef = 0AFEFB692C25A5EE004847AE /* UnitProviding.swift */; };
		0AFEFB6C2C25D128004847AE /* ArrayExtensions.swift in Sources */ = {isa = PBXBuildFile; fileRef = 0AFEFB6B2C25D128004847AE /* ArrayExtensions.swift */; };
		0AFEFB6E2C26A424004847AE /* CalendarDate.swift in Sources */ = {isa = PBXBuildFile; fileRef = 0AFEFB6D2C26A424004847AE /* CalendarDate.swift */; };
		0AFEFB702C26A4EC004847AE /* CalendarDateTests.swift in Sources */ = {isa = PBXBuildFile; fileRef = 0AFEFB6F2C26A4EC004847AE /* CalendarDateTests.swift */; };
		0AFFEEE92C32A586000D810F /* AmountText.swift in Sources */ = {isa = PBXBuildFile; fileRef = 0AFFEEE82C32A586000D810F /* AmountText.swift */; };
/* End PBXBuildFile section */

/* Begin PBXContainerItemProxy section */
		0A7B10A32C24356F00474F10 /* PBXContainerItemProxy */ = {
			isa = PBXContainerItemProxy;
			containerPortal = 0A7B108A2C24356D00474F10 /* Project object */;
			proxyType = 1;
			remoteGlobalIDString = 0A7B10912C24356D00474F10;
			remoteInfo = DailyBudget;
		};
		0AD723C52C3463650015ABE6 /* PBXContainerItemProxy */ = {
			isa = PBXContainerItemProxy;
			containerPortal = 0A7B108A2C24356D00474F10 /* Project object */;
			proxyType = 1;
			remoteGlobalIDString = 0AD723B62C3463630015ABE6;
			remoteInfo = DailyBudgetWidgetExtension;
		};
/* End PBXContainerItemProxy section */

/* Begin PBXCopyFilesBuildPhase section */
		0AD723C82C3463650015ABE6 /* Embed Foundation Extensions */ = {
			isa = PBXCopyFilesBuildPhase;
			buildActionMask = 2147483647;
			dstPath = "";
			dstSubfolderSpec = 13;
			files = (
				0AD723C72C3463650015ABE6 /* DailyBudgetWidgetExtension.appex in Embed Foundation Extensions */,
			);
			name = "Embed Foundation Extensions";
			runOnlyForDeploymentPostprocessing = 0;
		};
/* End PBXCopyFilesBuildPhase section */

/* Begin PBXFileReference section */
		0A20A3D62C243A780028E5C2 /* BudgetListItem.swift */ = {isa = PBXFileReference; lastKnownFileType = sourcecode.swift; path = BudgetListItem.swift; sourceTree = "<group>"; };
		0A20A3D82C243AB20028E5C2 /* BudgetProgressInfo.swift */ = {isa = PBXFileReference; lastKnownFileType = sourcecode.swift; path = BudgetProgressInfo.swift; sourceTree = "<group>"; };
		0A20A3DB2C243CAA0028E5C2 /* DateExtensions.swift */ = {isa = PBXFileReference; lastKnownFileType = sourcecode.swift; path = DateExtensions.swift; sourceTree = "<group>"; };
		0A20A3E52C2471290028E5C2 /* ExpenseListItem.swift */ = {isa = PBXFileReference; lastKnownFileType = sourcecode.swift; path = ExpenseListItem.swift; sourceTree = "<group>"; };
		0A20B1222C29731D00A26FBD /* ViewExpenses.swift */ = {isa = PBXFileReference; lastKnownFileType = sourcecode.swift; path = ViewExpenses.swift; sourceTree = "<group>"; };
		0A20B1242C2993CE00A26FBD /* Settings.bundle */ = {isa = PBXFileReference; lastKnownFileType = "wrapper.plug-in"; path = Settings.bundle; sourceTree = "<group>"; };
		0A2F5EE82C4EADA5008BB369 /* AppVersionTests.swift */ = {isa = PBXFileReference; lastKnownFileType = sourcecode.swift; path = AppVersionTests.swift; sourceTree = "<group>"; };
		0A2F5EEA2C4EB34F008BB369 /* DoubleExtensionsTests.swift */ = {isa = PBXFileReference; lastKnownFileType = sourcecode.swift; path = DoubleExtensionsTests.swift; sourceTree = "<group>"; };
		0A2F5EEC2C4EB86B008BB369 /* AppVersion.swift */ = {isa = PBXFileReference; lastKnownFileType = sourcecode.swift; path = AppVersion.swift; sourceTree = "<group>"; };
		0A2F5EEE2C4EE202008BB369 /* AppInfo.swift */ = {isa = PBXFileReference; lastKnownFileType = sourcecode.swift; path = AppInfo.swift; sourceTree = "<group>"; };
		0A2F5EF52C4FA19F008BB369 /* AvailableTodayWidgetView.swift */ = {isa = PBXFileReference; lastKnownFileType = sourcecode.swift; path = AvailableTodayWidgetView.swift; sourceTree = "<group>"; };
		0A2F5EF82C4FA20A008BB369 /* AvailableAndSpentTodayWidgetView.swift */ = {isa = PBXFileReference; lastKnownFileType = sourcecode.swift; path = AvailableAndSpentTodayWidgetView.swift; sourceTree = "<group>"; };
		0A2F5EFB2C4FB5C1008BB369 /* WhatsNewDisplayControllerTests.swift */ = {isa = PBXFileReference; lastKnownFileType = sourcecode.swift; path = WhatsNewDisplayControllerTests.swift; sourceTree = "<group>"; };
		0A3381372C32FF3B00FC378F /* BudgetSummaryViewModel.swift */ = {isa = PBXFileReference; lastKnownFileType = sourcecode.swift; path = BudgetSummaryViewModel.swift; sourceTree = "<group>"; };
		0A3CABAF2C300DD300ECD1F1 /* ColorExtensions.swift */ = {isa = PBXFileReference; lastKnownFileType = sourcecode.swift; path = ColorExtensions.swift; sourceTree = "<group>"; };
		0A3CABB12C31700900ECD1F1 /* UnitProvidingTests.swift */ = {isa = PBXFileReference; lastKnownFileType = sourcecode.swift; path = UnitProvidingTests.swift; sourceTree = "<group>"; };
		0A3CABB32C31BE7400ECD1F1 /* ViewBudget.swift */ = {isa = PBXFileReference; lastKnownFileType = sourcecode.swift; path = ViewBudget.swift; sourceTree = "<group>"; };
		0A3D31D22C2EC21000E17CB4 /* DailyBudget.entitlements */ = {isa = PBXFileReference; lastKnownFileType = text.plist.entitlements; path = DailyBudget.entitlements; sourceTree = "<group>"; };
		0A3D31D32C2EC2AB00E17CB4 /* Info.plist */ = {isa = PBXFileReference; lastKnownFileType = text.plist; path = Info.plist; sourceTree = "<group>"; };
		0A5946DE2C4555F000724E32 /* WhatsNew.swift */ = {isa = PBXFileReference; lastKnownFileType = sourcecode.swift; path = WhatsNew.swift; sourceTree = "<group>"; };
		0A7064192C4A58F100D95DE7 /* WhatsNewTests.swift */ = {isa = PBXFileReference; lastKnownFileType = sourcecode.swift; path = WhatsNewTests.swift; sourceTree = "<group>"; };
		0A70641C2C4A655B00D95DE7 /* WhatsNewProvider.swift */ = {isa = PBXFileReference; lastKnownFileType = sourcecode.swift; path = WhatsNewProvider.swift; sourceTree = "<group>"; };
		0A70641E2C4A659F00D95DE7 /* SharedUserDefaults.swift */ = {isa = PBXFileReference; lastKnownFileType = sourcecode.swift; path = SharedUserDefaults.swift; sourceTree = "<group>"; };
		0A7B10922C24356D00474F10 /* DailyBudget.app */ = {isa = PBXFileReference; explicitFileType = wrapper.application; includeInIndex = 0; path = DailyBudget.app; sourceTree = BUILT_PRODUCTS_DIR; };
		0A7B10952C24356D00474F10 /* DailyBudgetApp.swift */ = {isa = PBXFileReference; lastKnownFileType = sourcecode.swift; path = DailyBudgetApp.swift; sourceTree = "<group>"; };
		0A7B10992C24356F00474F10 /* Assets.xcassets */ = {isa = PBXFileReference; lastKnownFileType = folder.assetcatalog; path = Assets.xcassets; sourceTree = "<group>"; };
		0A7B109C2C24356F00474F10 /* Preview Assets.xcassets */ = {isa = PBXFileReference; lastKnownFileType = folder.assetcatalog; path = "Preview Assets.xcassets"; sourceTree = "<group>"; };
		0A7B10A22C24356F00474F10 /* DailyBudgetTests.xctest */ = {isa = PBXFileReference; explicitFileType = wrapper.cfbundle; includeInIndex = 0; path = DailyBudgetTests.xctest; sourceTree = BUILT_PRODUCTS_DIR; };
		0A7B10C52C24390600474F10 /* Home.swift */ = {isa = PBXFileReference; lastKnownFileType = sourcecode.swift; path = Home.swift; sourceTree = "<group>"; };
		0A7EFA942C3DA10600641E34 /* DoubleExtensions.swift */ = {isa = PBXFileReference; lastKnownFileType = sourcecode.swift; path = DoubleExtensions.swift; sourceTree = "<group>"; };
		0A9AE4EB2C4155C60093FAAE /* DailyBudgetWidgetExtension.entitlements */ = {isa = PBXFileReference; lastKnownFileType = text.plist.entitlements; path = DailyBudgetWidgetExtension.entitlements; sourceTree = "<group>"; };
		0AB5FF0A2C247C2400499D30 /* EditExpense.swift */ = {isa = PBXFileReference; lastKnownFileType = sourcecode.swift; path = EditExpense.swift; sourceTree = "<group>"; };
		0AD723942C33E8220015ABE6 /* UIFontExtensions.swift */ = {isa = PBXFileReference; lastKnownFileType = sourcecode.swift; path = UIFontExtensions.swift; sourceTree = "<group>"; };
		0AD723B72C3463630015ABE6 /* DailyBudgetWidgetExtension.appex */ = {isa = PBXFileReference; explicitFileType = "wrapper.app-extension"; includeInIndex = 0; path = DailyBudgetWidgetExtension.appex; sourceTree = BUILT_PRODUCTS_DIR; };
		0AD723B92C3463630015ABE6 /* WidgetKit.framework */ = {isa = PBXFileReference; lastKnownFileType = wrapper.framework; name = WidgetKit.framework; path = System/Library/Frameworks/WidgetKit.framework; sourceTree = SDKROOT; };
		0AD723BB2C3463630015ABE6 /* SwiftUI.framework */ = {isa = PBXFileReference; lastKnownFileType = wrapper.framework; name = SwiftUI.framework; path = System/Library/Frameworks/SwiftUI.framework; sourceTree = SDKROOT; };
		0AD723BE2C3463630015ABE6 /* DailyBudgetWidgetBundle.swift */ = {isa = PBXFileReference; lastKnownFileType = sourcecode.swift; path = DailyBudgetWidgetBundle.swift; sourceTree = "<group>"; };
		0AD723C02C3463630015ABE6 /* AvailableTodayWidget.swift */ = {isa = PBXFileReference; lastKnownFileType = sourcecode.swift; path = AvailableTodayWidget.swift; sourceTree = "<group>"; };
		0AD723C22C3463650015ABE6 /* Assets.xcassets */ = {isa = PBXFileReference; lastKnownFileType = folder.assetcatalog; path = Assets.xcassets; sourceTree = "<group>"; };
		0AD723C42C3463650015ABE6 /* Info.plist */ = {isa = PBXFileReference; lastKnownFileType = text.plist.xml; path = Info.plist; sourceTree = "<group>"; };
		0AE90CB92C416F0500AE921C /* BudgetEntity.swift */ = {isa = PBXFileReference; lastKnownFileType = sourcecode.swift; path = BudgetEntity.swift; sourceTree = "<group>"; };
		0AE90CBB2C416FA700AE921C /* BudgetEntityQuery.swift */ = {isa = PBXFileReference; lastKnownFileType = sourcecode.swift; path = BudgetEntityQuery.swift; sourceTree = "<group>"; };
		0AE90CBD2C41709C00AE921C /* SelectBudgetIntent.swift */ = {isa = PBXFileReference; lastKnownFileType = sourcecode.swift; path = SelectBudgetIntent.swift; sourceTree = "<group>"; };
		0AE90CBF2C4170D300AE921C /* BudgetEntry.swift */ = {isa = PBXFileReference; lastKnownFileType = sourcecode.swift; path = BudgetEntry.swift; sourceTree = "<group>"; };
		0AE90CC12C41710100AE921C /* DailyBudgetWidgetTimelineProvider.swift */ = {isa = PBXFileReference; lastKnownFileType = sourcecode.swift; path = DailyBudgetWidgetTimelineProvider.swift; sourceTree = "<group>"; };
		0AE90CCB2C42B2C200AE921C /* AvailableAndSpentTodayWidget.swift */ = {isa = PBXFileReference; lastKnownFileType = sourcecode.swift; path = AvailableAndSpentTodayWidget.swift; sourceTree = "<group>"; };
		0AED67AE2C2944F700E5E941 /* CurrentDate.swift */ = {isa = PBXFileReference; lastKnownFileType = sourcecode.swift; path = CurrentDate.swift; sourceTree = "<group>"; };
		0AFD72312C26AFF200FF89D7 /* BudgetModelTests.swift */ = {isa = PBXFileReference; lastKnownFileType = sourcecode.swift; path = BudgetModelTests.swift; sourceTree = "<group>"; };
		0AFD72332C26B9A600FF89D7 /* BudgetProgressInfoTests.swift */ = {isa = PBXFileReference; lastKnownFileType = sourcecode.swift; path = BudgetProgressInfoTests.swift; sourceTree = "<group>"; };
		0AFEFB602C258570004847AE /* EditBudget.swift */ = {isa = PBXFileReference; lastKnownFileType = sourcecode.swift; path = EditBudget.swift; sourceTree = "<group>"; };
		0AFEFB622C258CBC004847AE /* BudgetModel.swift */ = {isa = PBXFileReference; lastKnownFileType = sourcecode.swift; path = BudgetModel.swift; sourceTree = "<group>"; };
		0AFEFB642C258D3E004847AE /* ExpenseModel.swift */ = {isa = PBXFileReference; lastKnownFileType = sourcecode.swift; path = ExpenseModel.swift; sourceTree = "<group>"; };
		0AFEFB672C259C46004847AE /* OptionalExtensions.swift */ = {isa = PBXFileReference; lastKnownFileType = sourcecode.swift; path = OptionalExtensions.swift; sourceTree = "<group>"; };
		0AFEFB692C25A5EE004847AE /* UnitProviding.swift */ = {isa = PBXFileReference; lastKnownFileType = sourcecode.swift; path = UnitProviding.swift; sourceTree = "<group>"; };
		0AFEFB6B2C25D128004847AE /* ArrayExtensions.swift */ = {isa = PBXFileReference; lastKnownFileType = sourcecode.swift; path = ArrayExtensions.swift; sourceTree = "<group>"; };
		0AFEFB6D2C26A424004847AE /* CalendarDate.swift */ = {isa = PBXFileReference; lastKnownFileType = sourcecode.swift; path = CalendarDate.swift; sourceTree = "<group>"; };
		0AFEFB6F2C26A4EC004847AE /* CalendarDateTests.swift */ = {isa = PBXFileReference; lastKnownFileType = sourcecode.swift; path = CalendarDateTests.swift; sourceTree = "<group>"; };
		0AFFEEE82C32A586000D810F /* AmountText.swift */ = {isa = PBXFileReference; lastKnownFileType = sourcecode.swift; path = AmountText.swift; sourceTree = "<group>"; };
/* End PBXFileReference section */

/* Begin PBXFrameworksBuildPhase section */
		0A7B108F2C24356D00474F10 /* Frameworks */ = {
			isa = PBXFrameworksBuildPhase;
			buildActionMask = 2147483647;
			files = (
			);
			runOnlyForDeploymentPostprocessing = 0;
		};
		0A7B109F2C24356F00474F10 /* Frameworks */ = {
			isa = PBXFrameworksBuildPhase;
			buildActionMask = 2147483647;
			files = (
			);
			runOnlyForDeploymentPostprocessing = 0;
		};
		0AD723B42C3463630015ABE6 /* Frameworks */ = {
			isa = PBXFrameworksBuildPhase;
			buildActionMask = 2147483647;
			files = (
				0AD723BC2C3463630015ABE6 /* SwiftUI.framework in Frameworks */,
				0AD723BA2C3463630015ABE6 /* WidgetKit.framework in Frameworks */,
			);
			runOnlyForDeploymentPostprocessing = 0;
		};
/* End PBXFrameworksBuildPhase section */

/* Begin PBXGroup section */
		0A20A3DA2C243C9A0028E5C2 /* Extensions */ = {
			isa = PBXGroup;
			children = (
				0AFEFB6B2C25D128004847AE /* ArrayExtensions.swift */,
				0A3CABAF2C300DD300ECD1F1 /* ColorExtensions.swift */,
				0A20A3DB2C243CAA0028E5C2 /* DateExtensions.swift */,
				0AFEFB672C259C46004847AE /* OptionalExtensions.swift */,
				0AD723942C33E8220015ABE6 /* UIFontExtensions.swift */,
				0A7EFA942C3DA10600641E34 /* DoubleExtensions.swift */,
			);
			path = Extensions;
			sourceTree = "<group>";
		};
		0A70641B2C4A655100D95DE7 /* Providers */ = {
			isa = PBXGroup;
			children = (
				0A70641C2C4A655B00D95DE7 /* WhatsNewProvider.swift */,
				0A70641E2C4A659F00D95DE7 /* SharedUserDefaults.swift */,
				0A2F5EEC2C4EB86B008BB369 /* AppVersion.swift */,
			);
			path = Providers;
			sourceTree = "<group>";
		};
		0A7B10892C24356D00474F10 = {
			isa = PBXGroup;
			children = (
				0A9AE4EB2C4155C60093FAAE /* DailyBudgetWidgetExtension.entitlements */,
				0A7B10942C24356D00474F10 /* DailyBudget */,
				0A7B10A52C24356F00474F10 /* DailyBudgetTests */,
				0AD723BD2C3463630015ABE6 /* DailyBudgetWidget */,
				0AD723B82C3463630015ABE6 /* Frameworks */,
				0A7B10932C24356D00474F10 /* Products */,
			);
			sourceTree = "<group>";
		};
		0A7B10932C24356D00474F10 /* Products */ = {
			isa = PBXGroup;
			children = (
				0A7B10922C24356D00474F10 /* DailyBudget.app */,
				0A7B10A22C24356F00474F10 /* DailyBudgetTests.xctest */,
				0AD723B72C3463630015ABE6 /* DailyBudgetWidgetExtension.appex */,
			);
			name = Products;
			sourceTree = "<group>";
		};
		0A7B10942C24356D00474F10 /* DailyBudget */ = {
			isa = PBXGroup;
			children = (
				0A70641B2C4A655100D95DE7 /* Providers */,
				0A7B10992C24356F00474F10 /* Assets.xcassets */,
				0A3D31D22C2EC21000E17CB4 /* DailyBudget.entitlements */,
				0A7B10952C24356D00474F10 /* DailyBudgetApp.swift */,
				0A20A3DA2C243C9A0028E5C2 /* Extensions */,
				0A7B10BF2C24376A00474F10 /* Features */,
				0A3D31D32C2EC2AB00E17CB4 /* Info.plist */,
				0A7B10C02C24377000474F10 /* Models */,
				0A7B109B2C24356F00474F10 /* Preview Content */,
				0A20B1242C2993CE00A26FBD /* Settings.bundle */,
				0A3381372C32FF3B00FC378F /* BudgetSummaryViewModel.swift */,
			);
			path = DailyBudget;
			sourceTree = "<group>";
		};
		0A7B109B2C24356F00474F10 /* Preview Content */ = {
			isa = PBXGroup;
			children = (
				0A7B109C2C24356F00474F10 /* Preview Assets.xcassets */,
			);
			path = "Preview Content";
			sourceTree = "<group>";
		};
		0A7B10A52C24356F00474F10 /* DailyBudgetTests */ = {
			isa = PBXGroup;
			children = (
				0AFD72312C26AFF200FF89D7 /* BudgetModelTests.swift */,
				0AFD72332C26B9A600FF89D7 /* BudgetProgressInfoTests.swift */,
				0AFEFB6F2C26A4EC004847AE /* CalendarDateTests.swift */,
				0A3CABB12C31700900ECD1F1 /* UnitProvidingTests.swift */,
				0A7064192C4A58F100D95DE7 /* WhatsNewTests.swift */,
				0A2F5EE82C4EADA5008BB369 /* AppVersionTests.swift */,
				0A2F5EEA2C4EB34F008BB369 /* DoubleExtensionsTests.swift */,
				0A2F5EFB2C4FB5C1008BB369 /* WhatsNewDisplayControllerTests.swift */,
			);
			path = DailyBudgetTests;
			sourceTree = "<group>";
		};
		0A7B10BF2C24376A00474F10 /* Features */ = {
			isa = PBXGroup;
			children = (
				0A20A3D62C243A780028E5C2 /* BudgetListItem.swift */,
				0AB5FF0A2C247C2400499D30 /* EditExpense.swift */,
				0A20A3E52C2471290028E5C2 /* ExpenseListItem.swift */,
				0A7B10C52C24390600474F10 /* Home.swift */,
				0AFEFB602C258570004847AE /* EditBudget.swift */,
				0A20B1222C29731D00A26FBD /* ViewExpenses.swift */,
				0A3CABB32C31BE7400ECD1F1 /* ViewBudget.swift */,
				0AFFEEE82C32A586000D810F /* AmountText.swift */,
				0A5946DE2C4555F000724E32 /* WhatsNew.swift */,
				0A2F5EEE2C4EE202008BB369 /* AppInfo.swift */,
			);
			path = Features;
			sourceTree = "<group>";
		};
		0A7B10C02C24377000474F10 /* Models */ = {
			isa = PBXGroup;
			children = (
				0AFEFB622C258CBC004847AE /* BudgetModel.swift */,
				0A20A3D82C243AB20028E5C2 /* BudgetProgressInfo.swift */,
				0AFEFB6D2C26A424004847AE /* CalendarDate.swift */,
				0AED67AE2C2944F700E5E941 /* CurrentDate.swift */,
				0AFEFB642C258D3E004847AE /* ExpenseModel.swift */,
				0AFEFB692C25A5EE004847AE /* UnitProviding.swift */,
			);
			path = Models;
			sourceTree = "<group>";
		};
		0AD723B82C3463630015ABE6 /* Frameworks */ = {
			isa = PBXGroup;
			children = (
				0AD723B92C3463630015ABE6 /* WidgetKit.framework */,
				0AD723BB2C3463630015ABE6 /* SwiftUI.framework */,
			);
			name = Frameworks;
			sourceTree = "<group>";
		};
		0AD723BD2C3463630015ABE6 /* DailyBudgetWidget */ = {
			isa = PBXGroup;
			children = (
				0AD723C22C3463650015ABE6 /* Assets.xcassets */,
				0AE90CCB2C42B2C200AE921C /* AvailableAndSpentTodayWidget.swift */,
				0A2F5EF82C4FA20A008BB369 /* AvailableAndSpentTodayWidgetView.swift */,
				0AD723C02C3463630015ABE6 /* AvailableTodayWidget.swift */,
				0A2F5EF52C4FA19F008BB369 /* AvailableTodayWidgetView.swift */,
				0AE90CB92C416F0500AE921C /* BudgetEntity.swift */,
				0AE90CBB2C416FA700AE921C /* BudgetEntityQuery.swift */,
				0AE90CBF2C4170D300AE921C /* BudgetEntry.swift */,
				0AD723BE2C3463630015ABE6 /* DailyBudgetWidgetBundle.swift */,
				0AE90CC12C41710100AE921C /* DailyBudgetWidgetTimelineProvider.swift */,
				0AD723C42C3463650015ABE6 /* Info.plist */,
				0AE90CBD2C41709C00AE921C /* SelectBudgetIntent.swift */,
			);
			path = DailyBudgetWidget;
			sourceTree = "<group>";
		};
/* End PBXGroup section */

/* Begin PBXNativeTarget section */
		0A7B10912C24356D00474F10 /* DailyBudget */ = {
			isa = PBXNativeTarget;
			buildConfigurationList = 0A7B10B62C24357000474F10 /* Build configuration list for PBXNativeTarget "DailyBudget" */;
			buildPhases = (
				0A7B108E2C24356D00474F10 /* Sources */,
				0A7B108F2C24356D00474F10 /* Frameworks */,
				0A7B10902C24356D00474F10 /* Resources */,
				0AD723C82C3463650015ABE6 /* Embed Foundation Extensions */,
			);
			buildRules = (
			);
			dependencies = (
				0AD723C62C3463650015ABE6 /* PBXTargetDependency */,
			);
			name = DailyBudget;
			productName = DailyBudget;
			productReference = 0A7B10922C24356D00474F10 /* DailyBudget.app */;
			productType = "com.apple.product-type.application";
		};
		0A7B10A12C24356F00474F10 /* DailyBudgetTests */ = {
			isa = PBXNativeTarget;
			buildConfigurationList = 0A7B10B92C24357000474F10 /* Build configuration list for PBXNativeTarget "DailyBudgetTests" */;
			buildPhases = (
				0A7B109E2C24356F00474F10 /* Sources */,
				0A7B109F2C24356F00474F10 /* Frameworks */,
				0A7B10A02C24356F00474F10 /* Resources */,
			);
			buildRules = (
			);
			dependencies = (
				0A7B10A42C24356F00474F10 /* PBXTargetDependency */,
			);
			name = DailyBudgetTests;
			productName = DailyBudgetTests;
			productReference = 0A7B10A22C24356F00474F10 /* DailyBudgetTests.xctest */;
			productType = "com.apple.product-type.bundle.unit-test";
		};
		0AD723B62C3463630015ABE6 /* DailyBudgetWidgetExtension */ = {
			isa = PBXNativeTarget;
			buildConfigurationList = 0AD723CB2C3463650015ABE6 /* Build configuration list for PBXNativeTarget "DailyBudgetWidgetExtension" */;
			buildPhases = (
				0AD723B32C3463630015ABE6 /* Sources */,
				0AD723B42C3463630015ABE6 /* Frameworks */,
				0AD723B52C3463630015ABE6 /* Resources */,
			);
			buildRules = (
			);
			dependencies = (
			);
			name = DailyBudgetWidgetExtension;
			productName = DailyBudgetWidgetExtension;
			productReference = 0AD723B72C3463630015ABE6 /* DailyBudgetWidgetExtension.appex */;
			productType = "com.apple.product-type.app-extension";
		};
/* End PBXNativeTarget section */

/* Begin PBXProject section */
		0A7B108A2C24356D00474F10 /* Project object */ = {
			isa = PBXProject;
			attributes = {
				BuildIndependentTargetsInParallel = 1;
				LastSwiftUpdateCheck = 1520;
				LastUpgradeCheck = 1520;
				TargetAttributes = {
					0A7B10912C24356D00474F10 = {
						CreatedOnToolsVersion = 15.2;
					};
					0A7B10A12C24356F00474F10 = {
						CreatedOnToolsVersion = 15.2;
						LastSwiftMigration = 1520;
						TestTargetID = 0A7B10912C24356D00474F10;
					};
					0AD723B62C3463630015ABE6 = {
						CreatedOnToolsVersion = 15.2;
					};
				};
			};
			buildConfigurationList = 0A7B108D2C24356D00474F10 /* Build configuration list for PBXProject "DailyBudget" */;
			compatibilityVersion = "Xcode 14.0";
			developmentRegion = en;
			hasScannedForEncodings = 0;
			knownRegions = (
				en,
				Base,
			);
			mainGroup = 0A7B10892C24356D00474F10;
			productRefGroup = 0A7B10932C24356D00474F10 /* Products */;
			projectDirPath = "";
			projectRoot = "";
			targets = (
				0A7B10912C24356D00474F10 /* DailyBudget */,
				0A7B10A12C24356F00474F10 /* DailyBudgetTests */,
				0AD723B62C3463630015ABE6 /* DailyBudgetWidgetExtension */,
			);
		};
/* End PBXProject section */

/* Begin PBXResourcesBuildPhase section */
		0A7B10902C24356D00474F10 /* Resources */ = {
			isa = PBXResourcesBuildPhase;
			buildActionMask = 2147483647;
			files = (
				0A7B109D2C24356F00474F10 /* Preview Assets.xcassets in Resources */,
				0A20B1252C2993CE00A26FBD /* Settings.bundle in Resources */,
				0A7B109A2C24356F00474F10 /* Assets.xcassets in Resources */,
			);
			runOnlyForDeploymentPostprocessing = 0;
		};
		0A7B10A02C24356F00474F10 /* Resources */ = {
			isa = PBXResourcesBuildPhase;
			buildActionMask = 2147483647;
			files = (
			);
			runOnlyForDeploymentPostprocessing = 0;
		};
		0AD723B52C3463630015ABE6 /* Resources */ = {
			isa = PBXResourcesBuildPhase;
			buildActionMask = 2147483647;
			files = (
				0AD723C32C3463650015ABE6 /* Assets.xcassets in Resources */,
			);
			runOnlyForDeploymentPostprocessing = 0;
		};
/* End PBXResourcesBuildPhase section */

/* Begin PBXSourcesBuildPhase section */
		0A7B108E2C24356D00474F10 /* Sources */ = {
			isa = PBXSourcesBuildPhase;
			buildActionMask = 2147483647;
			files = (
				0AFFEEE92C32A586000D810F /* AmountText.swift in Sources */,
				0A20A3D92C243AB20028E5C2 /* BudgetProgressInfo.swift in Sources */,
				0A20B1232C29731D00A26FBD /* ViewExpenses.swift in Sources */,
				0AD723952C33E8220015ABE6 /* UIFontExtensions.swift in Sources */,
				0A3381382C32FF3B00FC378F /* BudgetSummaryViewModel.swift in Sources */,
				0A2F5EF92C4FA20A008BB369 /* AvailableAndSpentTodayWidgetView.swift in Sources */,
				0A70641D2C4A655B00D95DE7 /* WhatsNewProvider.swift in Sources */,
				0A7B10C62C24390600474F10 /* Home.swift in Sources */,
				0AB5FF0B2C247C2400499D30 /* EditExpense.swift in Sources */,
				0A2F5EEF2C4EE202008BB369 /* AppInfo.swift in Sources */,
				0A3CABB02C300DD300ECD1F1 /* ColorExtensions.swift in Sources */,
				0A2F5EF62C4FA19F008BB369 /* AvailableTodayWidgetView.swift in Sources */,
				0A20A3D72C243A780028E5C2 /* BudgetListItem.swift in Sources */,
				0A20A3DC2C243CAA0028E5C2 /* DateExtensions.swift in Sources */,
				0A7EFA952C3DA10600641E34 /* DoubleExtensions.swift in Sources */,
				0AFEFB652C258D3E004847AE /* ExpenseModel.swift in Sources */,
				0A2F5EF42C4F9A00008BB369 /* BudgetEntry.swift in Sources */,
				0AFEFB6E2C26A424004847AE /* CalendarDate.swift in Sources */,
				0AFEFB682C259C46004847AE /* OptionalExtensions.swift in Sources */,
				0A5946DF2C4555F000724E32 /* WhatsNew.swift in Sources */,
				0AFEFB612C258570004847AE /* EditBudget.swift in Sources */,
				0AFEFB6C2C25D128004847AE /* ArrayExtensions.swift in Sources */,
				0A2F5EED2C4EB86B008BB369 /* AppVersion.swift in Sources */,
				0AFEFB6A2C25A5EE004847AE /* UnitProviding.swift in Sources */,
				0AFEFB632C258CBC004847AE /* BudgetModel.swift in Sources */,
				0A3CABB42C31BE7400ECD1F1 /* ViewBudget.swift in Sources */,
				0AED67AF2C2944F700E5E941 /* CurrentDate.swift in Sources */,
				0A7B10962C24356D00474F10 /* DailyBudgetApp.swift in Sources */,
				0A20A3E62C2471290028E5C2 /* ExpenseListItem.swift in Sources */,
				0A70641F2C4A659F00D95DE7 /* SharedUserDefaults.swift in Sources */,
			);
			runOnlyForDeploymentPostprocessing = 0;
		};
		0A7B109E2C24356F00474F10 /* Sources */ = {
			isa = PBXSourcesBuildPhase;
			buildActionMask = 2147483647;
			files = (
				0AFD72322C26AFF200FF89D7 /* BudgetModelTests.swift in Sources */,
				0AFD72342C26B9A600FF89D7 /* BudgetProgressInfoTests.swift in Sources */,
				0A2F5EEB2C4EB34F008BB369 /* DoubleExtensionsTests.swift in Sources */,
				0AFEFB702C26A4EC004847AE /* CalendarDateTests.swift in Sources */,
				0A3CABB22C31700900ECD1F1 /* UnitProvidingTests.swift in Sources */,
				0A2F5EFC2C4FB5C1008BB369 /* WhatsNewDisplayControllerTests.swift in Sources */,
				0A2F5EE92C4EADA5008BB369 /* AppVersionTests.swift in Sources */,
				0A70641A2C4A58F100D95DE7 /* WhatsNewTests.swift in Sources */,
			);
			runOnlyForDeploymentPostprocessing = 0;
		};
		0AD723B32C3463630015ABE6 /* Sources */ = {
			isa = PBXSourcesBuildPhase;
			buildActionMask = 2147483647;
			files = (
				0AE90CC72C41714700AE921C /* DailyBudgetWidgetTimelineProvider.swift in Sources */,
				0A9AE4F12C4156420093FAAE /* UnitProviding.swift in Sources */,
				0A9AE4F02C4156360093FAAE /* DateExtensions.swift in Sources */,
				0A9AE4EC2C4155F00093FAAE /* BudgetModel.swift in Sources */,
				0AD723C12C3463630015ABE6 /* AvailableTodayWidget.swift in Sources */,
				0AE90CCE2C42B3C400AE921C /* ColorExtensions.swift in Sources */,
				0AE90CC42C41713500AE921C /* BudgetEntityQuery.swift in Sources */,
				0AE90CC92C41924C00AE921C /* DoubleExtensions.swift in Sources */,
				0AE90CCC2C42B2C200AE921C /* AvailableAndSpentTodayWidget.swift in Sources */,
				0A2F5EF72C4FA1F5008BB369 /* AvailableTodayWidgetView.swift in Sources */,
				0A9AE4EE2C41560C0093FAAE /* CalendarDate.swift in Sources */,
				0A9AE4EF2C4156130093FAAE /* BudgetProgressInfo.swift in Sources */,
				0A9AE4ED2C4155FC0093FAAE /* ExpenseModel.swift in Sources */,
				0A2F5EFA2C4FA21B008BB369 /* AvailableAndSpentTodayWidgetView.swift in Sources */,
				0AE90CCA2C4192F900AE921C /* AmountText.swift in Sources */,
				0AE90CCD2C42B3B500AE921C /* BudgetSummaryViewModel.swift in Sources */,
				0AE90CC32C41712700AE921C /* BudgetEntity.swift in Sources */,
				0AE90CC62C41714400AE921C /* BudgetEntry.swift in Sources */,
				0AE90CC52C41714000AE921C /* SelectBudgetIntent.swift in Sources */,
				0AD723BF2C3463630015ABE6 /* DailyBudgetWidgetBundle.swift in Sources */,
			);
			runOnlyForDeploymentPostprocessing = 0;
		};
/* End PBXSourcesBuildPhase section */

/* Begin PBXTargetDependency section */
		0A7B10A42C24356F00474F10 /* PBXTargetDependency */ = {
			isa = PBXTargetDependency;
			target = 0A7B10912C24356D00474F10 /* DailyBudget */;
			targetProxy = 0A7B10A32C24356F00474F10 /* PBXContainerItemProxy */;
		};
		0AD723C62C3463650015ABE6 /* PBXTargetDependency */ = {
			isa = PBXTargetDependency;
			target = 0AD723B62C3463630015ABE6 /* DailyBudgetWidgetExtension */;
			targetProxy = 0AD723C52C3463650015ABE6 /* PBXContainerItemProxy */;
		};
/* End PBXTargetDependency section */

/* Begin XCBuildConfiguration section */
		0A7B10B42C24357000474F10 /* Debug */ = {
			isa = XCBuildConfiguration;
			buildSettings = {
				ALWAYS_SEARCH_USER_PATHS = NO;
				ASSETCATALOG_COMPILER_GENERATE_SWIFT_ASSET_SYMBOL_EXTENSIONS = YES;
				CLANG_ANALYZER_NONNULL = YES;
				CLANG_ANALYZER_NUMBER_OBJECT_CONVERSION = YES_AGGRESSIVE;
				CLANG_CXX_LANGUAGE_STANDARD = "gnu++20";
				CLANG_ENABLE_MODULES = YES;
				CLANG_ENABLE_OBJC_ARC = YES;
				CLANG_ENABLE_OBJC_WEAK = YES;
				CLANG_WARN_BLOCK_CAPTURE_AUTORELEASING = YES;
				CLANG_WARN_BOOL_CONVERSION = YES;
				CLANG_WARN_COMMA = YES;
				CLANG_WARN_CONSTANT_CONVERSION = YES;
				CLANG_WARN_DEPRECATED_OBJC_IMPLEMENTATIONS = YES;
				CLANG_WARN_DIRECT_OBJC_ISA_USAGE = YES_ERROR;
				CLANG_WARN_DOCUMENTATION_COMMENTS = YES;
				CLANG_WARN_EMPTY_BODY = YES;
				CLANG_WARN_ENUM_CONVERSION = YES;
				CLANG_WARN_INFINITE_RECURSION = YES;
				CLANG_WARN_INT_CONVERSION = YES;
				CLANG_WARN_NON_LITERAL_NULL_CONVERSION = YES;
				CLANG_WARN_OBJC_IMPLICIT_RETAIN_SELF = YES;
				CLANG_WARN_OBJC_LITERAL_CONVERSION = YES;
				CLANG_WARN_OBJC_ROOT_CLASS = YES_ERROR;
				CLANG_WARN_QUOTED_INCLUDE_IN_FRAMEWORK_HEADER = YES;
				CLANG_WARN_RANGE_LOOP_ANALYSIS = YES;
				CLANG_WARN_STRICT_PROTOTYPES = YES;
				CLANG_WARN_SUSPICIOUS_MOVE = YES;
				CLANG_WARN_UNGUARDED_AVAILABILITY = YES_AGGRESSIVE;
				CLANG_WARN_UNREACHABLE_CODE = YES;
				CLANG_WARN__DUPLICATE_METHOD_MATCH = YES;
				COPY_PHASE_STRIP = NO;
				CURRENT_PROJECT_VERSION = 0;
				DEBUG_INFORMATION_FORMAT = dwarf;
				ENABLE_STRICT_OBJC_MSGSEND = YES;
				ENABLE_TESTABILITY = YES;
				ENABLE_USER_SCRIPT_SANDBOXING = YES;
				GCC_C_LANGUAGE_STANDARD = gnu17;
				GCC_DYNAMIC_NO_PIC = NO;
				GCC_NO_COMMON_BLOCKS = YES;
				GCC_OPTIMIZATION_LEVEL = 0;
				GCC_PREPROCESSOR_DEFINITIONS = (
					"DEBUG=1",
					"$(inherited)",
				);
				GCC_WARN_64_TO_32_BIT_CONVERSION = YES;
				GCC_WARN_ABOUT_RETURN_TYPE = YES_ERROR;
				GCC_WARN_UNDECLARED_SELECTOR = YES;
				GCC_WARN_UNINITIALIZED_AUTOS = YES_AGGRESSIVE;
				GCC_WARN_UNUSED_FUNCTION = YES;
				GCC_WARN_UNUSED_VARIABLE = YES;
				IPHONEOS_DEPLOYMENT_TARGET = 17.0;
				LOCALIZATION_PREFERS_STRING_CATALOGS = YES;
				MARKETING_VERSION = 1.3;
				MTL_ENABLE_DEBUG_INFO = INCLUDE_SOURCE;
				MTL_FAST_MATH = YES;
				ONLY_ACTIVE_ARCH = YES;
				SDKROOT = iphoneos;
				SWIFT_ACTIVE_COMPILATION_CONDITIONS = "DEBUG $(inherited)";
				SWIFT_OPTIMIZATION_LEVEL = "-Onone";
				VERSIONING_SYSTEM = "apple-generic";
			};
			name = Debug;
		};
		0A7B10B52C24357000474F10 /* Release */ = {
			isa = XCBuildConfiguration;
			buildSettings = {
				ALWAYS_SEARCH_USER_PATHS = NO;
				ASSETCATALOG_COMPILER_GENERATE_SWIFT_ASSET_SYMBOL_EXTENSIONS = YES;
				CLANG_ANALYZER_NONNULL = YES;
				CLANG_ANALYZER_NUMBER_OBJECT_CONVERSION = YES_AGGRESSIVE;
				CLANG_CXX_LANGUAGE_STANDARD = "gnu++20";
				CLANG_ENABLE_MODULES = YES;
				CLANG_ENABLE_OBJC_ARC = YES;
				CLANG_ENABLE_OBJC_WEAK = YES;
				CLANG_WARN_BLOCK_CAPTURE_AUTORELEASING = YES;
				CLANG_WARN_BOOL_CONVERSION = YES;
				CLANG_WARN_COMMA = YES;
				CLANG_WARN_CONSTANT_CONVERSION = YES;
				CLANG_WARN_DEPRECATED_OBJC_IMPLEMENTATIONS = YES;
				CLANG_WARN_DIRECT_OBJC_ISA_USAGE = YES_ERROR;
				CLANG_WARN_DOCUMENTATION_COMMENTS = YES;
				CLANG_WARN_EMPTY_BODY = YES;
				CLANG_WARN_ENUM_CONVERSION = YES;
				CLANG_WARN_INFINITE_RECURSION = YES;
				CLANG_WARN_INT_CONVERSION = YES;
				CLANG_WARN_NON_LITERAL_NULL_CONVERSION = YES;
				CLANG_WARN_OBJC_IMPLICIT_RETAIN_SELF = YES;
				CLANG_WARN_OBJC_LITERAL_CONVERSION = YES;
				CLANG_WARN_OBJC_ROOT_CLASS = YES_ERROR;
				CLANG_WARN_QUOTED_INCLUDE_IN_FRAMEWORK_HEADER = YES;
				CLANG_WARN_RANGE_LOOP_ANALYSIS = YES;
				CLANG_WARN_STRICT_PROTOTYPES = YES;
				CLANG_WARN_SUSPICIOUS_MOVE = YES;
				CLANG_WARN_UNGUARDED_AVAILABILITY = YES_AGGRESSIVE;
				CLANG_WARN_UNREACHABLE_CODE = YES;
				CLANG_WARN__DUPLICATE_METHOD_MATCH = YES;
				COPY_PHASE_STRIP = NO;
				CURRENT_PROJECT_VERSION = 0;
				DEBUG_INFORMATION_FORMAT = "dwarf-with-dsym";
				ENABLE_NS_ASSERTIONS = NO;
				ENABLE_STRICT_OBJC_MSGSEND = YES;
				ENABLE_USER_SCRIPT_SANDBOXING = YES;
				GCC_C_LANGUAGE_STANDARD = gnu17;
				GCC_NO_COMMON_BLOCKS = YES;
				GCC_WARN_64_TO_32_BIT_CONVERSION = YES;
				GCC_WARN_ABOUT_RETURN_TYPE = YES_ERROR;
				GCC_WARN_UNDECLARED_SELECTOR = YES;
				GCC_WARN_UNINITIALIZED_AUTOS = YES_AGGRESSIVE;
				GCC_WARN_UNUSED_FUNCTION = YES;
				GCC_WARN_UNUSED_VARIABLE = YES;
				IPHONEOS_DEPLOYMENT_TARGET = 17.0;
				LOCALIZATION_PREFERS_STRING_CATALOGS = YES;
				MARKETING_VERSION = 1.3;
				MTL_ENABLE_DEBUG_INFO = NO;
				MTL_FAST_MATH = YES;
				SDKROOT = iphoneos;
				SWIFT_COMPILATION_MODE = wholemodule;
				VALIDATE_PRODUCT = YES;
				VERSIONING_SYSTEM = "apple-generic";
			};
			name = Release;
		};
		0A7B10B72C24357000474F10 /* Debug */ = {
			isa = XCBuildConfiguration;
			buildSettings = {
				ALWAYS_EMBED_SWIFT_STANDARD_LIBRARIES = YES;
				ASSETCATALOG_COMPILER_APPICON_NAME = AppIcon;
				ASSETCATALOG_COMPILER_GLOBAL_ACCENT_COLOR_NAME = AccentColor;
				CODE_SIGN_ENTITLEMENTS = DailyBudget/DailyBudget.entitlements;
				CODE_SIGN_STYLE = Automatic;
				DEVELOPMENT_ASSET_PATHS = "\"DailyBudget/Preview Content\"";
				DEVELOPMENT_TEAM = 7YC4M6VD27;
				ENABLE_PREVIEWS = YES;
				GENERATE_INFOPLIST_FILE = YES;
				INFOPLIST_FILE = DailyBudget/Info.plist;
				INFOPLIST_KEY_CFBundleDisplayName = "Daily Budget";
				INFOPLIST_KEY_UIApplicationSceneManifest_Generation = YES;
				INFOPLIST_KEY_UIApplicationSupportsIndirectInputEvents = YES;
				INFOPLIST_KEY_UILaunchScreen_Generation = YES;
				INFOPLIST_KEY_UISupportedInterfaceOrientations_iPad = "UIInterfaceOrientationPortrait UIInterfaceOrientationPortraitUpsideDown UIInterfaceOrientationLandscapeLeft UIInterfaceOrientationLandscapeRight";
				INFOPLIST_KEY_UISupportedInterfaceOrientations_iPhone = "UIInterfaceOrientationPortrait UIInterfaceOrientationLandscapeLeft UIInterfaceOrientationLandscapeRight";
				LD_RUNPATH_SEARCH_PATHS = (
					"$(inherited)",
					"@executable_path/Frameworks",
				);
				PRODUCT_BUNDLE_IDENTIFIER = dev.phlippieb.DailyBudgetApp;
				PRODUCT_NAME = "$(TARGET_NAME)";
				SWIFT_EMIT_LOC_STRINGS = YES;
				SWIFT_VERSION = 5.0;
				TARGETED_DEVICE_FAMILY = "1,2";
			};
			name = Debug;
		};
		0A7B10B82C24357000474F10 /* Release */ = {
			isa = XCBuildConfiguration;
			buildSettings = {
				ALWAYS_EMBED_SWIFT_STANDARD_LIBRARIES = YES;
				ASSETCATALOG_COMPILER_APPICON_NAME = AppIcon;
				ASSETCATALOG_COMPILER_GLOBAL_ACCENT_COLOR_NAME = AccentColor;
				CODE_SIGN_ENTITLEMENTS = DailyBudget/DailyBudget.entitlements;
				CODE_SIGN_STYLE = Automatic;
				DEVELOPMENT_ASSET_PATHS = "\"DailyBudget/Preview Content\"";
				DEVELOPMENT_TEAM = 7YC4M6VD27;
				ENABLE_PREVIEWS = YES;
				GENERATE_INFOPLIST_FILE = YES;
				INFOPLIST_FILE = DailyBudget/Info.plist;
				INFOPLIST_KEY_CFBundleDisplayName = "Daily Budget";
				INFOPLIST_KEY_UIApplicationSceneManifest_Generation = YES;
				INFOPLIST_KEY_UIApplicationSupportsIndirectInputEvents = YES;
				INFOPLIST_KEY_UILaunchScreen_Generation = YES;
				INFOPLIST_KEY_UISupportedInterfaceOrientations_iPad = "UIInterfaceOrientationPortrait UIInterfaceOrientationPortraitUpsideDown UIInterfaceOrientationLandscapeLeft UIInterfaceOrientationLandscapeRight";
				INFOPLIST_KEY_UISupportedInterfaceOrientations_iPhone = "UIInterfaceOrientationPortrait UIInterfaceOrientationLandscapeLeft UIInterfaceOrientationLandscapeRight";
				LD_RUNPATH_SEARCH_PATHS = (
					"$(inherited)",
					"@executable_path/Frameworks",
				);
				PRODUCT_BUNDLE_IDENTIFIER = dev.phlippieb.DailyBudgetApp;
				PRODUCT_NAME = "$(TARGET_NAME)";
				SWIFT_EMIT_LOC_STRINGS = YES;
				SWIFT_VERSION = 5.0;
				TARGETED_DEVICE_FAMILY = "1,2";
			};
			name = Release;
		};
		0A7B10BA2C24357000474F10 /* Debug */ = {
			isa = XCBuildConfiguration;
			buildSettings = {
				ALWAYS_EMBED_SWIFT_STANDARD_LIBRARIES = YES;
				BUNDLE_LOADER = "$(TEST_HOST)";
				CLANG_ENABLE_MODULES = YES;
				CODE_SIGN_STYLE = Automatic;
				CURRENT_PROJECT_VERSION = 1;
				DEVELOPMENT_TEAM = W5W94B876N;
				GENERATE_INFOPLIST_FILE = YES;
				IPHONEOS_DEPLOYMENT_TARGET = 17.2;
				PRODUCT_BUNDLE_IDENTIFIER = za.co.retrorabbit.DailyBudgetTests;
				PRODUCT_NAME = "$(TARGET_NAME)";
				SWIFT_EMIT_LOC_STRINGS = NO;
				SWIFT_OPTIMIZATION_LEVEL = "-Onone";
				SWIFT_VERSION = 5.0;
				TARGETED_DEVICE_FAMILY = "1,2";
				TEST_HOST = "$(BUILT_PRODUCTS_DIR)/DailyBudget.app/$(BUNDLE_EXECUTABLE_FOLDER_PATH)/DailyBudget";
			};
			name = Debug;
		};
		0A7B10BB2C24357000474F10 /* Release */ = {
			isa = XCBuildConfiguration;
			buildSettings = {
				ALWAYS_EMBED_SWIFT_STANDARD_LIBRARIES = YES;
				BUNDLE_LOADER = "$(TEST_HOST)";
				CLANG_ENABLE_MODULES = YES;
				CODE_SIGN_STYLE = Automatic;
				CURRENT_PROJECT_VERSION = 1;
				DEVELOPMENT_TEAM = W5W94B876N;
				GENERATE_INFOPLIST_FILE = YES;
				IPHONEOS_DEPLOYMENT_TARGET = 17.2;
				PRODUCT_BUNDLE_IDENTIFIER = za.co.retrorabbit.DailyBudgetTests;
				PRODUCT_NAME = "$(TARGET_NAME)";
				SWIFT_EMIT_LOC_STRINGS = NO;
				SWIFT_VERSION = 5.0;
				TARGETED_DEVICE_FAMILY = "1,2";
				TEST_HOST = "$(BUILT_PRODUCTS_DIR)/DailyBudget.app/$(BUNDLE_EXECUTABLE_FOLDER_PATH)/DailyBudget";
			};
			name = Release;
		};
		0AD723C92C3463650015ABE6 /* Debug */ = {
			isa = XCBuildConfiguration;
			buildSettings = {
				ASSETCATALOG_COMPILER_GLOBAL_ACCENT_COLOR_NAME = AccentColor;
				ASSETCATALOG_COMPILER_WIDGET_BACKGROUND_COLOR_NAME = WidgetBackground;
				CODE_SIGN_ENTITLEMENTS = DailyBudgetWidgetExtension.entitlements;
				CODE_SIGN_STYLE = Automatic;
				DEVELOPMENT_TEAM = 7YC4M6VD27;
				GENERATE_INFOPLIST_FILE = YES;
				INFOPLIST_FILE = DailyBudgetWidget/Info.plist;
				INFOPLIST_KEY_CFBundleDisplayName = DailyBudgetWidget;
				INFOPLIST_KEY_NSHumanReadableCopyright = "";
				IPHONEOS_DEPLOYMENT_TARGET = 17.2;
				LD_RUNPATH_SEARCH_PATHS = (
					"$(inherited)",
					"@executable_path/Frameworks",
					"@executable_path/../../Frameworks",
				);
				PRODUCT_BUNDLE_IDENTIFIER = dev.phlippieb.DailyBudgetApp.DailyBudgetWidget;
				PRODUCT_NAME = "$(TARGET_NAME)";
				SKIP_INSTALL = YES;
				SWIFT_EMIT_LOC_STRINGS = YES;
				SWIFT_VERSION = 5.0;
				TARGETED_DEVICE_FAMILY = "1,2";
			};
			name = Debug;
		};
		0AD723CA2C3463650015ABE6 /* Release */ = {
			isa = XCBuildConfiguration;
			buildSettings = {
				ASSETCATALOG_COMPILER_GLOBAL_ACCENT_COLOR_NAME = AccentColor;
				ASSETCATALOG_COMPILER_WIDGET_BACKGROUND_COLOR_NAME = WidgetBackground;
				CODE_SIGN_ENTITLEMENTS = DailyBudgetWidgetExtension.entitlements;
				CODE_SIGN_STYLE = Automatic;
				DEVELOPMENT_TEAM = 7YC4M6VD27;
				GENERATE_INFOPLIST_FILE = YES;
				INFOPLIST_FILE = DailyBudgetWidget/Info.plist;
				INFOPLIST_KEY_CFBundleDisplayName = DailyBudgetWidget;
				INFOPLIST_KEY_NSHumanReadableCopyright = "";
				IPHONEOS_DEPLOYMENT_TARGET = 17.2;
				LD_RUNPATH_SEARCH_PATHS = (
					"$(inherited)",
					"@executable_path/Frameworks",
					"@executable_path/../../Frameworks",
				);
				PRODUCT_BUNDLE_IDENTIFIER = dev.phlippieb.DailyBudgetApp.DailyBudgetWidget;
				PRODUCT_NAME = "$(TARGET_NAME)";
				SKIP_INSTALL = YES;
				SWIFT_EMIT_LOC_STRINGS = YES;
				SWIFT_VERSION = 5.0;
				TARGETED_DEVICE_FAMILY = "1,2";
			};
			name = Release;
		};
/* End XCBuildConfiguration section */

/* Begin XCConfigurationList section */
		0A7B108D2C24356D00474F10 /* Build configuration list for PBXProject "DailyBudget" */ = {
			isa = XCConfigurationList;
			buildConfigurations = (
				0A7B10B42C24357000474F10 /* Debug */,
				0A7B10B52C24357000474F10 /* Release */,
			);
			defaultConfigurationIsVisible = 0;
			defaultConfigurationName = Release;
		};
		0A7B10B62C24357000474F10 /* Build configuration list for PBXNativeTarget "DailyBudget" */ = {
			isa = XCConfigurationList;
			buildConfigurations = (
				0A7B10B72C24357000474F10 /* Debug */,
				0A7B10B82C24357000474F10 /* Release */,
			);
			defaultConfigurationIsVisible = 0;
			defaultConfigurationName = Release;
		};
		0A7B10B92C24357000474F10 /* Build configuration list for PBXNativeTarget "DailyBudgetTests" */ = {
			isa = XCConfigurationList;
			buildConfigurations = (
				0A7B10BA2C24357000474F10 /* Debug */,
				0A7B10BB2C24357000474F10 /* Release */,
			);
			defaultConfigurationIsVisible = 0;
			defaultConfigurationName = Release;
		};
		0AD723CB2C3463650015ABE6 /* Build configuration list for PBXNativeTarget "DailyBudgetWidgetExtension" */ = {
			isa = XCConfigurationList;
			buildConfigurations = (
				0AD723C92C3463650015ABE6 /* Debug */,
				0AD723CA2C3463650015ABE6 /* Release */,
			);
			defaultConfigurationIsVisible = 0;
			defaultConfigurationName = Release;
		};
/* End XCConfigurationList section */
	};
	rootObject = 0A7B108A2C24356D00474F10 /* Project object */;
}
